
Microsoft Visual Studio Solution File, Format Version 12.00
# Visual Studio Version 17
VisualStudioVersion = 17.9.34728.123
MinimumVisualStudioVersion = 10.0.40219.1
Project("{FAE04EC0-301F-11D3-BF4B-00C04F79EFBC}") = "DatosBooleanos", "DatosBooleanos\DatosBooleanos.csproj", "{2E93D1E8-88CB-4D25-A533-4B3F64808C54}"
EndProject
Global
	GlobalSection(SolutionConfigurationPlatforms) = preSolution
		Debug|Any CPU = Debug|Any CPU
		Release|Any CPU = Release|Any CPU
	EndGlobalSection
	GlobalSection(ProjectConfigurationPlatforms) = postSolution
		{2E93D1E8-88CB-4D25-A533-4B3F64808C54}.Debug|Any CPU.ActiveCfg = Debug|Any CPU
		{2E93D1E8-88CB-4D25-A533-4B3F64808C54}.Debug|Any CPU.Build.0 = Debug|Any CPU
		{2E93D1E8-88CB-4D25-A533-4B3F64808C54}.Release|Any CPU.ActiveCfg = Release|Any CPU
		{2E93D1E8-88CB-4D25-A533-4B3F64808C54}.Release|Any CPU.Build.0 = Release|Any CPU
	EndGlobalSection
	GlobalSection(SolutionProperties) = preSolution
		HideSolutionNode = FALSE
	EndGlobalSection
	GlobalSection(ExtensibilityGlobals) = postSolution
		SolutionGuid = {742F745F-3863-44CF-A8D1-57C93A4743C8}
	EndGlobalSection
EndGlobal
