
Microsoft Visual Studio Solution File, Format Version 12.00
# Visual Studio Version 17
VisualStudioVersion = 17.9.34728.123
MinimumVisualStudioVersion = 10.0.40219.1
Project("{FAE04EC0-301F-11D3-BF4B-00C04F79EFBC}") = "Ejercicio4CambiodeVariables", "Ejercicio4CambiodeVariables\Ejercicio4CambiodeVariables.csproj", "{87714761-12DD-4818-A201-F54FCEB434D1}"
EndProject
Global
	GlobalSection(SolutionConfigurationPlatforms) = preSolution
		Debug|Any CPU = Debug|Any CPU
		Release|Any CPU = Release|Any CPU
	EndGlobalSection
	GlobalSection(ProjectConfigurationPlatforms) = postSolution
		{87714761-12DD-4818-A201-F54FCEB434D1}.Debug|Any CPU.ActiveCfg = Debug|Any CPU
		{87714761-12DD-4818-A201-F54FCEB434D1}.Debug|Any CPU.Build.0 = Debug|Any CPU
		{87714761-12DD-4818-A201-F54FCEB434D1}.Release|Any CPU.ActiveCfg = Release|Any CPU
		{87714761-12DD-4818-A201-F54FCEB434D1}.Release|Any CPU.Build.0 = Release|Any CPU
	EndGlobalSection
	GlobalSection(SolutionProperties) = preSolution
		HideSolutionNode = FALSE
	EndGlobalSection
	GlobalSection(ExtensibilityGlobals) = postSolution
		SolutionGuid = {53562DEA-016B-4F68-BE0A-939107ABC9DB}
	EndGlobalSection
EndGlobal
